
Microsoft Visual Studio Solution File, Format Version 12.00
# Visual Studio Version 17
VisualStudioVersion = 17.0.31903.59
MinimumVisualStudioVersion = 10.0.40219.1
Project("{2150E333-8FDC-42A3-9474-1A3956D46DE8}") = "src", "src", "{912A34B0-53DF-43F4-8D21-B8D00F4421D7}"
EndProject
Project("{FAE04EC0-301F-11D3-BF4B-00C04F79EFBC}") = "BetterConsole.Sdk", "src\BetterConsole.Sdk\BetterConsole.Sdk.csproj", "{1E5C8449-59C4-4A19-85B9-96A7F8058878}"
EndProject
Project("{FAE04EC0-301F-11D3-BF4B-00C04F79EFBC}") = "BetterConsole.Core", "src\BetterConsole.Core\BetterConsole.Core.csproj", "{CDDC516B-530C-4B5D-B3E7-5387FE7BED1D}"
EndProject
Project("{2150E333-8FDC-42A3-9474-1A3956D46DE8}") = "tests", "tests", "{12EB0386-88E7-4FD7-B292-4FCEF9359F6D}"
EndProject
Project("{FAE04EC0-301F-11D3-BF4B-00C04F79EFBC}") = "BetterConsole.Tests", "tests\BetterConsole.Tests\BetterConsole.Tests.csproj", "{307EF7E5-CC95-47E5-B8E2-CF5A5D3EF044}"
EndProject
Project("{FAE04EC0-301F-11D3-BF4B-00C04F79EFBC}") = "BetterConsole.App", "src\BetterConsole.App\BetterConsole.App.csproj", "{247C3C40-3679-4C64-8392-70BED2A4E850}"
EndProject
Global
	GlobalSection(SolutionConfigurationPlatforms) = preSolution
		Debug|Any CPU = Debug|Any CPU
		Release|Any CPU = Release|Any CPU
	EndGlobalSection
	GlobalSection(SolutionProperties) = preSolution
		HideSolutionNode = FALSE
	EndGlobalSection
	GlobalSection(ProjectConfigurationPlatforms) = postSolution
		{1E5C8449-59C4-4A19-85B9-96A7F8058878}.Debug|Any CPU.ActiveCfg = Debug|Any CPU
		{1E5C8449-59C4-4A19-85B9-96A7F8058878}.Debug|Any CPU.Build.0 = Debug|Any CPU
		{1E5C8449-59C4-4A19-85B9-96A7F8058878}.Release|Any CPU.ActiveCfg = Release|Any CPU
		{1E5C8449-59C4-4A19-85B9-96A7F8058878}.Release|Any CPU.Build.0 = Release|Any CPU
		{CDDC516B-530C-4B5D-B3E7-5387FE7BED1D}.Debug|Any CPU.ActiveCfg = Debug|Any CPU
		{CDDC516B-530C-4B5D-B3E7-5387FE7BED1D}.Debug|Any CPU.Build.0 = Debug|Any CPU
		{CDDC516B-530C-4B5D-B3E7-5387FE7BED1D}.Release|Any CPU.ActiveCfg = Release|Any CPU
		{CDDC516B-530C-4B5D-B3E7-5387FE7BED1D}.Release|Any CPU.Build.0 = Release|Any CPU
		{307EF7E5-CC95-47E5-B8E2-CF5A5D3EF044}.Debug|Any CPU.ActiveCfg = Debug|Any CPU
		{307EF7E5-CC95-47E5-B8E2-CF5A5D3EF044}.Debug|Any CPU.Build.0 = Debug|Any CPU
		{307EF7E5-CC95-47E5-B8E2-CF5A5D3EF044}.Release|Any CPU.ActiveCfg = Release|Any CPU
		{307EF7E5-CC95-47E5-B8E2-CF5A5D3EF044}.Release|Any CPU.Build.0 = Release|Any CPU
		{247C3C40-3679-4C64-8392-70BED2A4E850}.Debug|Any CPU.ActiveCfg = Debug|Any CPU
		{247C3C40-3679-4C64-8392-70BED2A4E850}.Debug|Any CPU.Build.0 = Debug|Any CPU
		{247C3C40-3679-4C64-8392-70BED2A4E850}.Release|Any CPU.ActiveCfg = Release|Any CPU
		{247C3C40-3679-4C64-8392-70BED2A4E850}.Release|Any CPU.Build.0 = Release|Any CPU
	EndGlobalSection
	GlobalSection(NestedProjects) = preSolution
		{1E5C8449-59C4-4A19-85B9-96A7F8058878} = {912A34B0-53DF-43F4-8D21-B8D00F4421D7}
		{CDDC516B-530C-4B5D-B3E7-5387FE7BED1D} = {912A34B0-53DF-43F4-8D21-B8D00F4421D7}
		{307EF7E5-CC95-47E5-B8E2-CF5A5D3EF044} = {12EB0386-88E7-4FD7-B292-4FCEF9359F6D}
		{247C3C40-3679-4C64-8392-70BED2A4E850} = {912A34B0-53DF-43F4-8D21-B8D00F4421D7}
	EndGlobalSection
EndGlobal
